
Microsoft Visual Studio Solution File, Format Version 12.00
# Visual Studio Version 16
VisualStudioVersion = 16.0.33328.57
MinimumVisualStudioVersion = 10.0.40219.1
Project("{FAE04EC0-301F-11D3-BF4B-00C04F79EFBC}") = "pokemon database", "pokemon database.csproj", "{21DC3A5E-A764-4FCB-9528-8143D9B89B1E}"
EndProject
Global
	GlobalSection(SolutionConfigurationPlatforms) = preSolution
		Debug|Any CPU = Debug|Any CPU
		Release|Any CPU = Release|Any CPU
	EndGlobalSection
	GlobalSection(ProjectConfigurationPlatforms) = postSolution
		{21DC3A5E-A764-4FCB-9528-8143D9B89B1E}.Debug|Any CPU.ActiveCfg = Debug|Any CPU
		{21DC3A5E-A764-4FCB-9528-8143D9B89B1E}.Debug|Any CPU.Build.0 = Debug|Any CPU
		{21DC3A5E-A764-4FCB-9528-8143D9B89B1E}.Release|Any CPU.ActiveCfg = Release|Any CPU
		{21DC3A5E-A764-4FCB-9528-8143D9B89B1E}.Release|Any CPU.Build.0 = Release|Any CPU
	EndGlobalSection
	GlobalSection(SolutionProperties) = preSolution
		HideSolutionNode = FALSE
	EndGlobalSection
	GlobalSection(ExtensibilityGlobals) = postSolution
		SolutionGuid = {329953A4-0C97-4370-844E-A6A4AE000F80}
	EndGlobalSection
EndGlobal
